// !$*UTF8*$!
{
	archiveVersion = 1;
	classes = {
	};
	objectVersion = 46;
	objects = {

/* Begin PBXBuildFile section */
		8023BAF416770D9700E6BED2 /* cal_background@2x.png in Resources */ = {isa = PBXBuildFile; fileRef = 8023BAF316770D9700E6BED2 /* cal_background@2x.png */; };
		804E7F581658D95100DD070D /* QuartzCore.framework in Frameworks */ = {isa = PBXBuildFile; fileRef = 804E7F571658D95100DD070D /* QuartzCore.framework */; };
		804E7F5C16592DE500DD070D /* cal_background.png in Resources */ = {isa = PBXBuildFile; fileRef = 804E7F5B16592DE500DD070D /* cal_background.png */; };
		8075D91E1650ACBE002233C4 /* UIKit.framework in Frameworks */ = {isa = PBXBuildFile; fileRef = 8075D91D1650ACBE002233C4 /* UIKit.framework */; };
		8075D9201650ACBE002233C4 /* Foundation.framework in Frameworks */ = {isa = PBXBuildFile; fileRef = 8075D91F1650ACBE002233C4 /* Foundation.framework */; };
		8075D9221650ACBE002233C4 /* CoreGraphics.framework in Frameworks */ = {isa = PBXBuildFile; fileRef = 8075D9211650ACBE002233C4 /* CoreGraphics.framework */; };
		8075D9281650ACBF002233C4 /* InfoPlist.strings in Resources */ = {isa = PBXBuildFile; fileRef = 8075D9261650ACBF002233C4 /* InfoPlist.strings */; };
		8075D92A1650ACBF002233C4 /* main.m in Sources */ = {isa = PBXBuildFile; fileRef = 8075D9291650ACBF002233C4 /* main.m */; };
		8075D92E1650ACBF002233C4 /* SSAppDelegate.m in Sources */ = {isa = PBXBuildFile; fileRef = 8075D92D1650ACBF002233C4 /* SSAppDelegate.m */; };
		8075D9301650ACBF002233C4 /* Default.png in Resources */ = {isa = PBXBuildFile; fileRef = 8075D92F1650ACBF002233C4 /* Default.png */; };
		8075D9321650ACC0002233C4 /* Default@2x.png in Resources */ = {isa = PBXBuildFile; fileRef = 8075D9311650ACC0002233C4 /* Default@2x.png */; };
		8075D9341650ACC0002233C4 /* Default-568h@2x.png in Resources */ = {isa = PBXBuildFile; fileRef = 8075D9331650ACC0002233C4 /* Default-568h@2x.png */; };
		8075D9371650ACC1002233C4 /* MainStoryboard.storyboard in Resources */ = {isa = PBXBuildFile; fileRef = 8075D9351650ACC1002233C4 /* MainStoryboard.storyboard */; };
		8075D93A1650ACC1002233C4 /* SSViewController.m in Sources */ = {isa = PBXBuildFile; fileRef = 8075D9391650ACC1002233C4 /* SSViewController.m */; };
		8075D9421650ADDB002233C4 /* SSCalendarView.m in Sources */ = {isa = PBXBuildFile; fileRef = 8075D9411650ADDB002233C4 /* SSCalendarView.m */; };
/* End PBXBuildFile section */

/* Begin PBXFileReference section */
		8023BAF316770D9700E6BED2 /* cal_background@2x.png */ = {isa = PBXFileReference; lastKnownFileType = image.png; path = "cal_background@2x.png"; sourceTree = "<group>"; };
		804E7F571658D95100DD070D /* QuartzCore.framework */ = {isa = PBXFileReference; lastKnownFileType = wrapper.framework; name = QuartzCore.framework; path = System/Library/Frameworks/QuartzCore.framework; sourceTree = SDKROOT; };
		804E7F5B16592DE500DD070D /* cal_background.png */ = {isa = PBXFileReference; lastKnownFileType = image.png; path = cal_background.png; sourceTree = "<group>"; };
		8075D9191650ACBE002233C4 /* Calendar.app */ = {isa = PBXFileReference; explicitFileType = wrapper.application; includeInIndex = 0; path = Calendar.app; sourceTree = BUILT_PRODUCTS_DIR; };
		8075D91D1650ACBE002233C4 /* UIKit.framework */ = {isa = PBXFileReference; lastKnownFileType = wrapper.framework; name = UIKit.framework; path = System/Library/Frameworks/UIKit.framework; sourceTree = SDKROOT; };
		8075D91F1650ACBE002233C4 /* Foundation.framework */ = {isa = PBXFileReference; lastKnownFileType = wrapper.framework; name = Foundation.framework; path = System/Library/Frameworks/Foundation.framework; sourceTree = SDKROOT; };
		8075D9211650ACBE002233C4 /* CoreGraphics.framework */ = {isa = PBXFileReference; lastKnownFileType = wrapper.framework; name = CoreGraphics.framework; path = System/Library/Frameworks/CoreGraphics.framework; sourceTree = SDKROOT; };
		8075D9251650ACBF002233C4 /* Calendar-Info.plist */ = {isa = PBXFileReference; lastKnownFileType = text.plist.xml; path = "Calendar-Info.plist"; sourceTree = "<group>"; };
		8075D9271650ACBF002233C4 /* en */ = {isa = PBXFileReference; lastKnownFileType = text.plist.strings; name = en; path = en.lproj/InfoPlist.strings; sourceTree = "<group>"; };
		8075D9291650ACBF002233C4 /* main.m */ = {isa = PBXFileReference; lastKnownFileType = sourcecode.c.objc; path = main.m; sourceTree = "<group>"; };
		8075D92B1650ACBF002233C4 /* Calendar-Prefix.pch */ = {isa = PBXFileReference; lastKnownFileType = sourcecode.c.h; path = "Calendar-Prefix.pch"; sourceTree = "<group>"; };
		8075D92C1650ACBF002233C4 /* SSAppDelegate.h */ = {isa = PBXFileReference; lastKnownFileType = sourcecode.c.h; path = SSAppDelegate.h; sourceTree = "<group>"; };
		8075D92D1650ACBF002233C4 /* SSAppDelegate.m */ = {isa = PBXFileReference; lastKnownFileType = sourcecode.c.objc; path = SSAppDelegate.m; sourceTree = "<group>"; };
		8075D92F1650ACBF002233C4 /* Default.png */ = {isa = PBXFileReference; lastKnownFileType = image.png; path = Default.png; sourceTree = "<group>"; };
		8075D9311650ACC0002233C4 /* Default@2x.png */ = {isa = PBXFileReference; lastKnownFileType = image.png; path = "Default@2x.png"; sourceTree = "<group>"; };
		8075D9331650ACC0002233C4 /* Default-568h@2x.png */ = {isa = PBXFileReference; lastKnownFileType = image.png; path = "Default-568h@2x.png"; sourceTree = "<group>"; };
		8075D9361650ACC1002233C4 /* en */ = {isa = PBXFileReference; lastKnownFileType = file.storyboard; name = en; path = en.lproj/MainStoryboard.storyboard; sourceTree = "<group>"; };
		8075D9381650ACC1002233C4 /* SSViewController.h */ = {isa = PBXFileReference; lastKnownFileType = sourcecode.c.h; path = SSViewController.h; sourceTree = "<group>"; };
		8075D9391650ACC1002233C4 /* SSViewController.m */ = {isa = PBXFileReference; lastKnownFileType = sourcecode.c.objc; path = SSViewController.m; sourceTree = "<group>"; };
		8075D9401650ADDB002233C4 /* SSCalendarView.h */ = {isa = PBXFileReference; fileEncoding = 4; lastKnownFileType = sourcecode.c.h; path = SSCalendarView.h; sourceTree = "<group>"; };
		8075D9411650ADDB002233C4 /* SSCalendarView.m */ = {isa = PBXFileReference; fileEncoding = 4; lastKnownFileType = sourcecode.c.objc; path = SSCalendarView.m; sourceTree = "<group>"; };
/* End PBXFileReference section */

/* Begin PBXFrameworksBuildPhase section */
		8075D9161650ACBE002233C4 /* Frameworks */ = {
			isa = PBXFrameworksBuildPhase;
			buildActionMask = 2147483647;
			files = (
				804E7F581658D95100DD070D /* QuartzCore.framework in Frameworks */,
				8075D91E1650ACBE002233C4 /* UIKit.framework in Frameworks */,
				8075D9201650ACBE002233C4 /* Foundation.framework in Frameworks */,
				8075D9221650ACBE002233C4 /* CoreGraphics.framework in Frameworks */,
			);
			runOnlyForDeploymentPostprocessing = 0;
		};
/* End PBXFrameworksBuildPhase section */

/* Begin PBXGroup section */
		804E7F5A16592DD000DD070D /* Resources */ = {
			isa = PBXGroup;
			children = (
				804E7F5B16592DE500DD070D /* cal_background.png */,
				8023BAF316770D9700E6BED2 /* cal_background@2x.png */,
			);
			name = Resources;
			sourceTree = "<group>";
		};
		8075D90E1650ACBE002233C4 = {
			isa = PBXGroup;
			children = (
				804E7F5A16592DD000DD070D /* Resources */,
				804E7F571658D95100DD070D /* QuartzCore.framework */,
				8075D9231650ACBE002233C4 /* Calendar */,
				8075D91C1650ACBE002233C4 /* Frameworks */,
				8075D91A1650ACBE002233C4 /* Products */,
			);
			sourceTree = "<group>";
		};
		8075D91A1650ACBE002233C4 /* Products */ = {
			isa = PBXGroup;
			children = (
				8075D9191650ACBE002233C4 /* Calendar.app */,
			);
			name = Products;
			sourceTree = "<group>";
		};
		8075D91C1650ACBE002233C4 /* Frameworks */ = {
			isa = PBXGroup;
			children = (
				8075D91D1650ACBE002233C4 /* UIKit.framework */,
				8075D91F1650ACBE002233C4 /* Foundation.framework */,
				8075D9211650ACBE002233C4 /* CoreGraphics.framework */,
			);
			name = Frameworks;
			sourceTree = "<group>";
		};
		8075D9231650ACBE002233C4 /* Calendar */ = {
			isa = PBXGroup;
			children = (
				8075D92C1650ACBF002233C4 /* SSAppDelegate.h */,
				8075D92D1650ACBF002233C4 /* SSAppDelegate.m */,
				8075D9351650ACC1002233C4 /* MainStoryboard.storyboard */,
				8075D9381650ACC1002233C4 /* SSViewController.h */,
				8075D9391650ACC1002233C4 /* SSViewController.m */,
				8075D9401650ADDB002233C4 /* SSCalendarView.h */,
				8075D9411650ADDB002233C4 /* SSCalendarView.m */,
				8075D9241650ACBF002233C4 /* Supporting Files */,
			);
			path = Calendar;
			sourceTree = "<group>";
		};
		8075D9241650ACBF002233C4 /* Supporting Files */ = {
			isa = PBXGroup;
			children = (
				8075D9251650ACBF002233C4 /* Calendar-Info.plist */,
				8075D9261650ACBF002233C4 /* InfoPlist.strings */,
				8075D9291650ACBF002233C4 /* main.m */,
				8075D92B1650ACBF002233C4 /* Calendar-Prefix.pch */,
				8075D92F1650ACBF002233C4 /* Default.png */,
				8075D9311650ACC0002233C4 /* Default@2x.png */,
				8075D9331650ACC0002233C4 /* Default-568h@2x.png */,
			);
			name = "Supporting Files";
			sourceTree = "<group>";
		};
/* End PBXGroup section */

/* Begin PBXNativeTarget section */
		8075D9181650ACBE002233C4 /* Calendar */ = {
			isa = PBXNativeTarget;
			buildConfigurationList = 8075D93D1650ACC1002233C4 /* Build configuration list for PBXNativeTarget "Calendar" */;
			buildPhases = (
				8075D9151650ACBE002233C4 /* Sources */,
				8075D9161650ACBE002233C4 /* Frameworks */,
				8075D9171650ACBE002233C4 /* Resources */,
			);
			buildRules = (
			);
			dependencies = (
			);
			name = Calendar;
			productName = Calendar;
			productReference = 8075D9191650ACBE002233C4 /* Calendar.app */;
			productType = "com.apple.product-type.application";
		};
/* End PBXNativeTarget section */

/* Begin PBXProject section */
		8075D9101650ACBE002233C4 /* Project object */ = {
			isa = PBXProject;
			attributes = {
				CLASSPREFIX = SS;
				LastUpgradeCheck = 0450;
				ORGANIZATIONNAME = syshen;
			};
			buildConfigurationList = 8075D9131650ACBE002233C4 /* Build configuration list for PBXProject "Calendar" */;
			compatibilityVersion = "Xcode 3.2";
			developmentRegion = English;
			hasScannedForEncodings = 0;
			knownRegions = (
				en,
			);
			mainGroup = 8075D90E1650ACBE002233C4;
			productRefGroup = 8075D91A1650ACBE002233C4 /* Products */;
			projectDirPath = "";
			projectRoot = "";
			targets = (
				8075D9181650ACBE002233C4 /* Calendar */,
			);
		};
/* End PBXProject section */

/* Begin PBXResourcesBuildPhase section */
		8075D9171650ACBE002233C4 /* Resources */ = {
			isa = PBXResourcesBuildPhase;
			buildActionMask = 2147483647;
			files = (
				8075D9281650ACBF002233C4 /* InfoPlist.strings in Resources */,
				8075D9301650ACBF002233C4 /* Default.png in Resources */,
				8075D9321650ACC0002233C4 /* Default@2x.png in Resources */,
				8075D9341650ACC0002233C4 /* Default-568h@2x.png in Resources */,
				8075D9371650ACC1002233C4 /* MainStoryboard.storyboard in Resources */,
				804E7F5C16592DE500DD070D /* cal_background.png in Resources */,
				8023BAF416770D9700E6BED2 /* cal_background@2x.png in Resources */,
			);
			runOnlyForDeploymentPostprocessing = 0;
		};
/* End PBXResourcesBuildPhase section */

/* Begin PBXSourcesBuildPhase section */
		8075D9151650ACBE002233C4 /* Sources */ = {
			isa = PBXSourcesBuildPhase;
			buildActionMask = 2147483647;
			files = (
				8075D92A1650ACBF002233C4 /* main.m in Sources */,
				8075D92E1650ACBF002233C4 /* SSAppDelegate.m in Sources */,
				8075D93A1650ACC1002233C4 /* SSViewController.m in Sources */,
				8075D9421650ADDB002233C4 /* SSCalendarView.m in Sources */,
			);
			runOnlyForDeploymentPostprocessing = 0;
		};
/* End PBXSourcesBuildPhase section */

/* Begin PBXVariantGroup section */
		8075D9261650ACBF002233C4 /* InfoPlist.strings */ = {
			isa = PBXVariantGroup;
			children = (
				8075D9271650ACBF002233C4 /* en */,
			);
			name = InfoPlist.strings;
			sourceTree = "<group>";
		};
		8075D9351650ACC1002233C4 /* MainStoryboard.storyboard */ = {
			isa = PBXVariantGroup;
			children = (
				8075D9361650ACC1002233C4 /* en */,
			);
			name = MainStoryboard.storyboard;
			sourceTree = "<group>";
		};
/* End PBXVariantGroup section */

/* Begin XCBuildConfiguration section */
		8075D93B1650ACC1002233C4 /* Debug */ = {
			isa = XCBuildConfiguration;
			buildSettings = {
				ALWAYS_SEARCH_USER_PATHS = NO;
				CLANG_CXX_LANGUAGE_STANDARD = "gnu++0x";
				CLANG_CXX_LIBRARY = "libc++";
				CLANG_ENABLE_OBJC_ARC = YES;
				CLANG_WARN_EMPTY_BODY = YES;
				CLANG_WARN__DUPLICATE_METHOD_MATCH = YES;
				"CODE_SIGN_IDENTITY[sdk=iphoneos*]" = "iPhone Developer";
				COPY_PHASE_STRIP = NO;
				GCC_C_LANGUAGE_STANDARD = gnu99;
				GCC_DYNAMIC_NO_PIC = NO;
				GCC_OPTIMIZATION_LEVEL = 0;
				GCC_PREPROCESSOR_DEFINITIONS = (
					"DEBUG=1",
					"$(inherited)",
				);
				GCC_SYMBOLS_PRIVATE_EXTERN = NO;
				GCC_WARN_ABOUT_RETURN_TYPE = YES;
				GCC_WARN_UNINITIALIZED_AUTOS = YES;
				GCC_WARN_UNUSED_VARIABLE = YES;
				IPHONEOS_DEPLOYMENT_TARGET = 6.0;
				ONLY_ACTIVE_ARCH = YES;
				SDKROOT = iphoneos;
			};
			name = Debug;
		};
		8075D93C1650ACC1002233C4 /* Release */ = {
			isa = XCBuildConfiguration;
			buildSettings = {
				ALWAYS_SEARCH_USER_PATHS = NO;
				CLANG_CXX_LANGUAGE_STANDARD = "gnu++0x";
				CLANG_CXX_LIBRARY = "libc++";
				CLANG_ENABLE_OBJC_ARC = YES;
				CLANG_WARN_EMPTY_BODY = YES;
				CLANG_WARN__DUPLICATE_METHOD_MATCH = YES;
				"CODE_SIGN_IDENTITY[sdk=iphoneos*]" = "iPhone Developer";
				COPY_PHASE_STRIP = YES;
				GCC_C_LANGUAGE_STANDARD = gnu99;
				GCC_WARN_ABOUT_RETURN_TYPE = YES;
				GCC_WARN_UNINITIALIZED_AUTOS = YES;
				GCC_WARN_UNUSED_VARIABLE = YES;
				IPHONEOS_DEPLOYMENT_TARGET = 6.0;
				OTHER_CFLAGS = "-DNS_BLOCK_ASSERTIONS=1";
				SDKROOT = iphoneos;
				VALIDATE_PRODUCT = YES;
			};
			name = Release;
		};
		8075D93E1650ACC1002233C4 /* Debug */ = {
			isa = XCBuildConfiguration;
			buildSettings = {
				GCC_PRECOMPILE_PREFIX_HEADER = YES;
				GCC_PREFIX_HEADER = "Calendar/Calendar-Prefix.pch";
				INFOPLIST_FILE = "Calendar/Calendar-Info.plist";
				PRODUCT_NAME = "$(TARGET_NAME)";
				WRAPPER_EXTENSION = app;
			};
			name = Debug;
		};
		8075D93F1650ACC1002233C4 /* Release */ = {
			isa = XCBuildConfiguration;
			buildSettings = {
				GCC_PRECOMPILE_PREFIX_HEADER = YES;
				GCC_PREFIX_HEADER = "Calendar/Calendar-Prefix.pch";
				INFOPLIST_FILE = "Calendar/Calendar-Info.plist";
				PRODUCT_NAME = "$(TARGET_NAME)";
				WRAPPER_EXTENSION = app;
			};
			name = Release;
		};
/* End XCBuildConfiguration section */

/* Begin XCConfigurationList section */
		8075D9131650ACBE002233C4 /* Build configuration list for PBXProject "Calendar" */ = {
			isa = XCConfigurationList;
			buildConfigurations = (
				8075D93B1650ACC1002233C4 /* Debug */,
				8075D93C1650ACC1002233C4 /* Release */,
			);
			defaultConfigurationIsVisible = 0;
			defaultConfigurationName = Release;
		};
		8075D93D1650ACC1002233C4 /* Build configuration list for PBXNativeTarget "Calendar" */ = {
			isa = XCConfigurationList;
			buildConfigurations = (
				8075D93E1650ACC1002233C4 /* Debug */,
				8075D93F1650ACC1002233C4 /* Release */,
			);
			defaultConfigurationIsVisible = 0;
			defaultConfigurationName = Release;
		};
/* End XCConfigurationList section */
	};
	rootObject = 8075D9101650ACBE002233C4 /* Project object */;
}
